
Microsoft Visual Studio Solution File, Format Version 12.00
# Visual Studio Version 17
VisualStudioVersion = 17.3.32922.545
MinimumVisualStudioVersion = 10.0.40219.1
Project("{FAE04EC0-301F-11D3-BF4B-00C04F79EFBC}") = "BackendApi_Kharchev", "BackendApi_Kharchev.csproj", "{DE4FDDCA-96D4-4E76-8C74-DDA56FB622C6}"
EndProject
Global
	GlobalSection(SolutionConfigurationPlatforms) = preSolution
		Debug|Any CPU = Debug|Any CPU
		Release|Any CPU = Release|Any CPU
	EndGlobalSection
	GlobalSection(ProjectConfigurationPlatforms) = postSolution
		{DE4FDDCA-96D4-4E76-8C74-DDA56FB622C6}.Debug|Any CPU.ActiveCfg = Debug|Any CPU
		{DE4FDDCA-96D4-4E76-8C74-DDA56FB622C6}.Debug|Any CPU.Build.0 = Debug|Any CPU
		{DE4FDDCA-96D4-4E76-8C74-DDA56FB622C6}.Release|Any CPU.ActiveCfg = Release|Any CPU
		{DE4FDDCA-96D4-4E76-8C74-DDA56FB622C6}.Release|Any CPU.Build.0 = Release|Any CPU
	EndGlobalSection
	GlobalSection(SolutionProperties) = preSolution
		HideSolutionNode = FALSE
	EndGlobalSection
	GlobalSection(ExtensibilityGlobals) = postSolution
		SolutionGuid = {768BC6A0-D0C6-4AB8-A7F3-32C11CAFD239}
	EndGlobalSection
EndGlobal
